
Microsoft Visual Studio Solution File, Format Version 12.00
# Visual Studio Version 17
VisualStudioVersion = 17.11.35208.52
MinimumVisualStudioVersion = 10.0.40219.1
Project("{2150E333-8FDC-42A3-9474-1A3956D46DE8}") = "src", "src", "{0C5C9850-D277-4A9D-9EDF-7A5281611892}"
EndProject
Project("{9A19103F-16F7-4668-BE54-9A1E7A4F7556}") = "Shopizy.Identity.API", "src\Shopizy.Identity.API\Shopizy.Identity.API.csproj", "{E61C12F7-159A-4A6A-8447-D0720027161B}"
EndProject
Project("{9A19103F-16F7-4668-BE54-9A1E7A4F7556}") = "Shopizy.Catelog.API", "src\Shopizy.Catelog.API\Shopizy.Catelog.API.csproj", "{3D1B40F9-9F6B-4217-AEC2-854F0B16B447}"
EndProject
Project("{9A19103F-16F7-4668-BE54-9A1E7A4F7556}") = "Shopizy.Cart.API", "src\Shopizy.Cart.API\Shopizy.Cart.API.csproj", "{D328893B-C82D-40A6-A2C7-ACA45C83EAFB}"
EndProject
Project("{9A19103F-16F7-4668-BE54-9A1E7A4F7556}") = "Shopizy.Ordering.API", "src\Shopizy.Ordering.API\Shopizy.Ordering.API.csproj", "{D694692A-820D-43D5-8466-7F8D6631ACEC}"
EndProject
Project("{9A19103F-16F7-4668-BE54-9A1E7A4F7556}") = "Shopizy.Webhooks.API", "src\Shopizy.Webhooks.API\Shopizy.Webhooks.API.csproj", "{C8AE3AE5-5F1E-4B68-BDBC-71332D3E428B}"
EndProject
Project("{9A19103F-16F7-4668-BE54-9A1E7A4F7556}") = "Shopizy.Ordering.Processor", "src\Shopizy.Ordering.Processor\Shopizy.Ordering.Processor.csproj", "{33EB12AA-4036-43C7-ABB8-B94540C77002}"
EndProject
Project("{9A19103F-16F7-4668-BE54-9A1E7A4F7556}") = "Shopizy.API", "src\Shopizy.API\Shopizy.API.csproj", "{DD794112-FFD3-4E53-9F7A-036F982AA668}"
EndProject
Project("{9A19103F-16F7-4668-BE54-9A1E7A4F7556}") = "Shopizy.Domain.Models", "src\Shopizy.Domain.Models\Shopizy.Domain.Models.csproj", "{9CB11C5C-CB07-49A0-8A59-B2885E94FCBA}"
EndProject
Project("{2150E333-8FDC-42A3-9474-1A3956D46DE8}") = "OrderService", "OrderService", "{B4BD7082-3176-4B2A-A872-056224803AF3}"
EndProject
Project("{FAE04EC0-301F-11D3-BF4B-00C04F79EFBC}") = "Shopizy.Security", "Shopizy.Security\Shopizy.Security.csproj", "{40A23124-A683-45BD-BAB6-9B56153EF303}"
EndProject
Global
	GlobalSection(SolutionConfigurationPlatforms) = preSolution
		Debug|Any CPU = Debug|Any CPU
		Release|Any CPU = Release|Any CPU
	EndGlobalSection
	GlobalSection(ProjectConfigurationPlatforms) = postSolution
		{E61C12F7-159A-4A6A-8447-D0720027161B}.Debug|Any CPU.ActiveCfg = Debug|Any CPU
		{E61C12F7-159A-4A6A-8447-D0720027161B}.Debug|Any CPU.Build.0 = Debug|Any CPU
		{E61C12F7-159A-4A6A-8447-D0720027161B}.Release|Any CPU.ActiveCfg = Release|Any CPU
		{E61C12F7-159A-4A6A-8447-D0720027161B}.Release|Any CPU.Build.0 = Release|Any CPU
		{3D1B40F9-9F6B-4217-AEC2-854F0B16B447}.Debug|Any CPU.ActiveCfg = Debug|Any CPU
		{3D1B40F9-9F6B-4217-AEC2-854F0B16B447}.Debug|Any CPU.Build.0 = Debug|Any CPU
		{3D1B40F9-9F6B-4217-AEC2-854F0B16B447}.Release|Any CPU.ActiveCfg = Release|Any CPU
		{3D1B40F9-9F6B-4217-AEC2-854F0B16B447}.Release|Any CPU.Build.0 = Release|Any CPU
		{D328893B-C82D-40A6-A2C7-ACA45C83EAFB}.Debug|Any CPU.ActiveCfg = Debug|Any CPU
		{D328893B-C82D-40A6-A2C7-ACA45C83EAFB}.Debug|Any CPU.Build.0 = Debug|Any CPU
		{D328893B-C82D-40A6-A2C7-ACA45C83EAFB}.Release|Any CPU.ActiveCfg = Release|Any CPU
		{D328893B-C82D-40A6-A2C7-ACA45C83EAFB}.Release|Any CPU.Build.0 = Release|Any CPU
		{D694692A-820D-43D5-8466-7F8D6631ACEC}.Debug|Any CPU.ActiveCfg = Debug|Any CPU
		{D694692A-820D-43D5-8466-7F8D6631ACEC}.Debug|Any CPU.Build.0 = Debug|Any CPU
		{D694692A-820D-43D5-8466-7F8D6631ACEC}.Release|Any CPU.ActiveCfg = Release|Any CPU
		{D694692A-820D-43D5-8466-7F8D6631ACEC}.Release|Any CPU.Build.0 = Release|Any CPU
		{C8AE3AE5-5F1E-4B68-BDBC-71332D3E428B}.Debug|Any CPU.ActiveCfg = Debug|Any CPU
		{C8AE3AE5-5F1E-4B68-BDBC-71332D3E428B}.Debug|Any CPU.Build.0 = Debug|Any CPU
		{C8AE3AE5-5F1E-4B68-BDBC-71332D3E428B}.Release|Any CPU.ActiveCfg = Release|Any CPU
		{C8AE3AE5-5F1E-4B68-BDBC-71332D3E428B}.Release|Any CPU.Build.0 = Release|Any CPU
		{33EB12AA-4036-43C7-ABB8-B94540C77002}.Debug|Any CPU.ActiveCfg = Debug|Any CPU
		{33EB12AA-4036-43C7-ABB8-B94540C77002}.Debug|Any CPU.Build.0 = Debug|Any CPU
		{33EB12AA-4036-43C7-ABB8-B94540C77002}.Release|Any CPU.ActiveCfg = Release|Any CPU
		{33EB12AA-4036-43C7-ABB8-B94540C77002}.Release|Any CPU.Build.0 = Release|Any CPU
		{DD794112-FFD3-4E53-9F7A-036F982AA668}.Debug|Any CPU.ActiveCfg = Debug|Any CPU
		{DD794112-FFD3-4E53-9F7A-036F982AA668}.Debug|Any CPU.Build.0 = Debug|Any CPU
		{DD794112-FFD3-4E53-9F7A-036F982AA668}.Release|Any CPU.ActiveCfg = Release|Any CPU
		{DD794112-FFD3-4E53-9F7A-036F982AA668}.Release|Any CPU.Build.0 = Release|Any CPU
		{9CB11C5C-CB07-49A0-8A59-B2885E94FCBA}.Debug|Any CPU.ActiveCfg = Debug|Any CPU
		{9CB11C5C-CB07-49A0-8A59-B2885E94FCBA}.Debug|Any CPU.Build.0 = Debug|Any CPU
		{9CB11C5C-CB07-49A0-8A59-B2885E94FCBA}.Release|Any CPU.ActiveCfg = Release|Any CPU
		{9CB11C5C-CB07-49A0-8A59-B2885E94FCBA}.Release|Any CPU.Build.0 = Release|Any CPU
		{40A23124-A683-45BD-BAB6-9B56153EF303}.Debug|Any CPU.ActiveCfg = Debug|Any CPU
		{40A23124-A683-45BD-BAB6-9B56153EF303}.Debug|Any CPU.Build.0 = Debug|Any CPU
		{40A23124-A683-45BD-BAB6-9B56153EF303}.Release|Any CPU.ActiveCfg = Release|Any CPU
		{40A23124-A683-45BD-BAB6-9B56153EF303}.Release|Any CPU.Build.0 = Release|Any CPU
	EndGlobalSection
	GlobalSection(SolutionProperties) = preSolution
		HideSolutionNode = FALSE
	EndGlobalSection
	GlobalSection(NestedProjects) = preSolution
		{E61C12F7-159A-4A6A-8447-D0720027161B} = {0C5C9850-D277-4A9D-9EDF-7A5281611892}
		{3D1B40F9-9F6B-4217-AEC2-854F0B16B447} = {0C5C9850-D277-4A9D-9EDF-7A5281611892}
		{D328893B-C82D-40A6-A2C7-ACA45C83EAFB} = {0C5C9850-D277-4A9D-9EDF-7A5281611892}
		{D694692A-820D-43D5-8466-7F8D6631ACEC} = {B4BD7082-3176-4B2A-A872-056224803AF3}
		{C8AE3AE5-5F1E-4B68-BDBC-71332D3E428B} = {0C5C9850-D277-4A9D-9EDF-7A5281611892}
		{33EB12AA-4036-43C7-ABB8-B94540C77002} = {B4BD7082-3176-4B2A-A872-056224803AF3}
		{DD794112-FFD3-4E53-9F7A-036F982AA668} = {0C5C9850-D277-4A9D-9EDF-7A5281611892}
		{9CB11C5C-CB07-49A0-8A59-B2885E94FCBA} = {0C5C9850-D277-4A9D-9EDF-7A5281611892}
		{B4BD7082-3176-4B2A-A872-056224803AF3} = {0C5C9850-D277-4A9D-9EDF-7A5281611892}
		{40A23124-A683-45BD-BAB6-9B56153EF303} = {0C5C9850-D277-4A9D-9EDF-7A5281611892}
	EndGlobalSection
	GlobalSection(ExtensibilityGlobals) = postSolution
		SolutionGuid = {A7E9D63F-2904-4907-8161-F1B3D32BEB39}
	EndGlobalSection
EndGlobal
