
Microsoft Visual Studio Solution File, Format Version 12.00
# Visual Studio Version 17
VisualStudioVersion = 17.0.31903.59
MinimumVisualStudioVersion = 10.0.40219.1
Project("{2150E333-8FDC-42A3-9474-1A3956D46DE8}") = "src", "src", "{827E0CD3-B72D-47B6-A68D-7590B98EB39B}"
EndProject
Project("{FAE04EC0-301F-11D3-BF4B-00C04F79EFBC}") = "Shopizy.SharedKernel", "src\Shopizy.SharedKernel\Shopizy.SharedKernel.csproj", "{B932B769-5644-4656-B420-FB44B5D5B8B1}"
EndProject
Project("{FAE04EC0-301F-11D3-BF4B-00C04F79EFBC}") = "Shopizy.ServiceDefaults", "src\Shopizy.ServiceDefaults\Shopizy.ServiceDefaults.csproj", "{E96D3C2E-563A-4DBD-86A6-32B37743825C}"
EndProject
Project("{FAE04EC0-301F-11D3-BF4B-00C04F79EFBC}") = "Shopizy.AppHost", "src\Shopizy.AppHost\Shopizy.AppHost.csproj", "{3F73CC77-1408-473A-B5EA-C42109553FE3}"
EndProject
Project("{2150E333-8FDC-42A3-9474-1A3956D46DE8}") = "tests", "tests", "{0AB3BF05-4346-4AA6-1389-037BE0695223}"
EndProject
Project("{FAE04EC0-301F-11D3-BF4B-00C04F79EFBC}") = "Shopizy.SharedKernel.UnitTests", "tests\Shopizy.SharedKernel.UnitTests\Shopizy.SharedKernel.UnitTests.csproj", "{666CC570-F8B4-4F74-9A47-F8DC561061BE}"
EndProject
Project("{FAE04EC0-301F-11D3-BF4B-00C04F79EFBC}") = "Shopizy.SharedKernel.IntegrationTests", "tests\Shopizy.SharedKernel.IntegrationTests\Shopizy.SharedKernel.IntegrationTests.csproj", "{B899BEE8-DAA2-4D01-96AE-354F7E1958DD}"
EndProject
Project("{FAE04EC0-301F-11D3-BF4B-00C04F79EFBC}") = "Shopizy.IdentityService", "src\Shopizy.IdentityService\Shopizy.IdentityService.csproj", "{D965A59D-0270-4BD5-8C68-338E38DEE55E}"
EndProject
Project("{FAE04EC0-301F-11D3-BF4B-00C04F79EFBC}") = "Shopizy.IdentityService.UnitTests", "tests\Shopizy.IdentityService.UnitTests\Shopizy.IdentityService.UnitTests.csproj", "{88C80D2A-DF44-4D08-B92F-8101408CE588}"
EndProject
Project("{FAE04EC0-301F-11D3-BF4B-00C04F79EFBC}") = "Shopizy.IdentityService.IntegrationTests", "tests\Shopizy.IdentityService.IntegrationTests\Shopizy.IdentityService.IntegrationTests.csproj", "{B8FB5EB4-794F-4C1B-B746-C3431EBB8A0A}"
EndProject
Project("{FAE04EC0-301F-11D3-BF4B-00C04F79EFBC}") = "Shopizy.IdentityService.E2ETests", "tests\Shopizy.IdentityService.E2ETests\Shopizy.IdentityService.E2ETests.csproj", "{19C91BF9-3B32-47A2-94DA-84B1BEB98611}"
EndProject
Project("{FAE04EC0-301F-11D3-BF4B-00C04F79EFBC}") = "Shopizy.CatalogService", "src\Shopizy.CatalogService\Shopizy.CatalogService.csproj", "{3CA9DB36-7786-4157-B4BF-4CD54838A988}"
EndProject
Project("{FAE04EC0-301F-11D3-BF4B-00C04F79EFBC}") = "Shopizy.CatalogService.UnitTests", "tests\Shopizy.CatalogService.UnitTests\Shopizy.CatalogService.UnitTests.csproj", "{E6D968FA-3C3B-436C-B4D2-327EA36B7930}"
EndProject
Project("{FAE04EC0-301F-11D3-BF4B-00C04F79EFBC}") = "Shopizy.CatalogService.IntegrationTests", "tests\Shopizy.CatalogService.IntegrationTests\Shopizy.CatalogService.IntegrationTests.csproj", "{6B305469-B196-4184-BE77-6A6527F09414}"
EndProject
Project("{FAE04EC0-301F-11D3-BF4B-00C04F79EFBC}") = "Shopizy.CatalogService.E2ETests", "tests\Shopizy.CatalogService.E2ETests\Shopizy.CatalogService.E2ETests.csproj", "{7C4D4B7C-E7F7-44B5-9F58-F67FEC068A3D}"
EndProject
Project("{FAE04EC0-301F-11D3-BF4B-00C04F79EFBC}") = "Shopizy.CartService", "src\Shopizy.CartService\Shopizy.CartService.csproj", "{0EEF6220-9EE4-4F0B-B198-3FCC0D25750D}"
EndProject
Project("{FAE04EC0-301F-11D3-BF4B-00C04F79EFBC}") = "Shopizy.CartService.UnitTests", "tests\Shopizy.CartService.UnitTests\Shopizy.CartService.UnitTests.csproj", "{7E7B6FB7-431A-4BAE-8ED7-594ACAC16EEB}"
EndProject
Project("{FAE04EC0-301F-11D3-BF4B-00C04F79EFBC}") = "Shopizy.CartService.IntegrationTests", "tests\Shopizy.CartService.IntegrationTests\Shopizy.CartService.IntegrationTests.csproj", "{ECE1C504-9B71-4F1F-BEB6-1EFF154C28DF}"
EndProject
Project("{FAE04EC0-301F-11D3-BF4B-00C04F79EFBC}") = "Shopizy.CartService.E2ETests", "tests\Shopizy.CartService.E2ETests\Shopizy.CartService.E2ETests.csproj", "{DB61A36B-0C54-426C-9663-0B154CF583A7}"
EndProject
Project("{FAE04EC0-301F-11D3-BF4B-00C04F79EFBC}") = "Shopizy.OrderService", "src\Shopizy.OrderService\Shopizy.OrderService.csproj", "{86133209-C6D4-4AF9-B29C-D417F5827E0D}"
EndProject
Project("{FAE04EC0-301F-11D3-BF4B-00C04F79EFBC}") = "Shopizy.OrderService.UnitTests", "tests\Shopizy.OrderService.UnitTests\Shopizy.OrderService.UnitTests.csproj", "{94EFA654-617C-4FEE-ACC2-9B6803F41A9E}"
EndProject
Project("{FAE04EC0-301F-11D3-BF4B-00C04F79EFBC}") = "Shopizy.OrderService.IntegrationTests", "tests\Shopizy.OrderService.IntegrationTests\Shopizy.OrderService.IntegrationTests.csproj", "{AC82302F-7AB9-4A1B-B45C-CDE0511F8EED}"
EndProject
Project("{FAE04EC0-301F-11D3-BF4B-00C04F79EFBC}") = "Shopizy.OrderService.E2ETests", "tests\Shopizy.OrderService.E2ETests\Shopizy.OrderService.E2ETests.csproj", "{41C50626-5AFB-4A37-9181-443BC09C4B09}"
EndProject
Project("{FAE04EC0-301F-11D3-BF4B-00C04F79EFBC}") = "Shopizy.PaymentService", "src\Shopizy.PaymentService\Shopizy.PaymentService.csproj", "{A23A9FAF-ABDD-4248-8F9B-7DFB57EB6D06}"
EndProject
Project("{FAE04EC0-301F-11D3-BF4B-00C04F79EFBC}") = "Shopizy.PaymentService.UnitTests", "tests\Shopizy.PaymentService.UnitTests\Shopizy.PaymentService.UnitTests.csproj", "{4D676F89-61DE-4C41-8656-88B59A0602FA}"
EndProject
Project("{FAE04EC0-301F-11D3-BF4B-00C04F79EFBC}") = "Shopizy.PaymentService.IntegrationTests", "tests\Shopizy.PaymentService.IntegrationTests\Shopizy.PaymentService.IntegrationTests.csproj", "{792CF0EE-4E8B-4A99-839A-0E655DB5E319}"
EndProject
Project("{FAE04EC0-301F-11D3-BF4B-00C04F79EFBC}") = "Shopizy.PaymentService.E2ETests", "tests\Shopizy.PaymentService.E2ETests\Shopizy.PaymentService.E2ETests.csproj", "{E73D3B89-5F09-4C30-AA8A-9B64CFC38BD6}"
EndProject
Project("{FAE04EC0-301F-11D3-BF4B-00C04F79EFBC}") = "Shopizy.SearchService", "src\Shopizy.SearchService\Shopizy.SearchService.csproj", "{014611FB-0EA3-4DF0-9869-FA956CEFF688}"
EndProject
Project("{FAE04EC0-301F-11D3-BF4B-00C04F79EFBC}") = "Shopizy.SearchService.UnitTests", "tests\Shopizy.SearchService.UnitTests\Shopizy.SearchService.UnitTests.csproj", "{362EFB20-0814-4870-8E31-6A42DC49EAFA}"
EndProject
Project("{FAE04EC0-301F-11D3-BF4B-00C04F79EFBC}") = "Shopizy.SearchService.IntegrationTests", "tests\Shopizy.SearchService.IntegrationTests\Shopizy.SearchService.IntegrationTests.csproj", "{026CD430-7FCC-44EE-ADCB-39EDFE3F7743}"
EndProject
Project("{FAE04EC0-301F-11D3-BF4B-00C04F79EFBC}") = "Shopizy.SearchService.E2ETests", "tests\Shopizy.SearchService.E2ETests\Shopizy.SearchService.E2ETests.csproj", "{4E8795C7-7965-40EC-B315-D79F1D73F3A2}"
EndProject
Global
	GlobalSection(SolutionConfigurationPlatforms) = preSolution
		Debug|Any CPU = Debug|Any CPU
		Debug|x64 = Debug|x64
		Debug|x86 = Debug|x86
		Release|Any CPU = Release|Any CPU
		Release|x64 = Release|x64
		Release|x86 = Release|x86
	EndGlobalSection
	GlobalSection(ProjectConfigurationPlatforms) = postSolution
		{B932B769-5644-4656-B420-FB44B5D5B8B1}.Debug|Any CPU.ActiveCfg = Debug|Any CPU
		{B932B769-5644-4656-B420-FB44B5D5B8B1}.Debug|Any CPU.Build.0 = Debug|Any CPU
		{B932B769-5644-4656-B420-FB44B5D5B8B1}.Debug|x64.ActiveCfg = Debug|Any CPU
		{B932B769-5644-4656-B420-FB44B5D5B8B1}.Debug|x64.Build.0 = Debug|Any CPU
		{B932B769-5644-4656-B420-FB44B5D5B8B1}.Debug|x86.ActiveCfg = Debug|Any CPU
		{B932B769-5644-4656-B420-FB44B5D5B8B1}.Debug|x86.Build.0 = Debug|Any CPU
		{B932B769-5644-4656-B420-FB44B5D5B8B1}.Release|Any CPU.ActiveCfg = Release|Any CPU
		{B932B769-5644-4656-B420-FB44B5D5B8B1}.Release|Any CPU.Build.0 = Release|Any CPU
		{B932B769-5644-4656-B420-FB44B5D5B8B1}.Release|x64.ActiveCfg = Release|Any CPU
		{B932B769-5644-4656-B420-FB44B5D5B8B1}.Release|x64.Build.0 = Release|Any CPU
		{B932B769-5644-4656-B420-FB44B5D5B8B1}.Release|x86.ActiveCfg = Release|Any CPU
		{B932B769-5644-4656-B420-FB44B5D5B8B1}.Release|x86.Build.0 = Release|Any CPU
		{E96D3C2E-563A-4DBD-86A6-32B37743825C}.Debug|Any CPU.ActiveCfg = Debug|Any CPU
		{E96D3C2E-563A-4DBD-86A6-32B37743825C}.Debug|Any CPU.Build.0 = Debug|Any CPU
		{E96D3C2E-563A-4DBD-86A6-32B37743825C}.Debug|x64.ActiveCfg = Debug|Any CPU
		{E96D3C2E-563A-4DBD-86A6-32B37743825C}.Debug|x64.Build.0 = Debug|Any CPU
		{E96D3C2E-563A-4DBD-86A6-32B37743825C}.Debug|x86.ActiveCfg = Debug|Any CPU
		{E96D3C2E-563A-4DBD-86A6-32B37743825C}.Debug|x86.Build.0 = Debug|Any CPU
		{E96D3C2E-563A-4DBD-86A6-32B37743825C}.Release|Any CPU.ActiveCfg = Release|Any CPU
		{E96D3C2E-563A-4DBD-86A6-32B37743825C}.Release|Any CPU.Build.0 = Release|Any CPU
		{E96D3C2E-563A-4DBD-86A6-32B37743825C}.Release|x64.ActiveCfg = Release|Any CPU
		{E96D3C2E-563A-4DBD-86A6-32B37743825C}.Release|x64.Build.0 = Release|Any CPU
		{E96D3C2E-563A-4DBD-86A6-32B37743825C}.Release|x86.ActiveCfg = Release|Any CPU
		{E96D3C2E-563A-4DBD-86A6-32B37743825C}.Release|x86.Build.0 = Release|Any CPU
		{3F73CC77-1408-473A-B5EA-C42109553FE3}.Debug|Any CPU.ActiveCfg = Debug|Any CPU
		{3F73CC77-1408-473A-B5EA-C42109553FE3}.Debug|Any CPU.Build.0 = Debug|Any CPU
		{3F73CC77-1408-473A-B5EA-C42109553FE3}.Debug|x64.ActiveCfg = Debug|Any CPU
		{3F73CC77-1408-473A-B5EA-C42109553FE3}.Debug|x64.Build.0 = Debug|Any CPU
		{3F73CC77-1408-473A-B5EA-C42109553FE3}.Debug|x86.ActiveCfg = Debug|Any CPU
		{3F73CC77-1408-473A-B5EA-C42109553FE3}.Debug|x86.Build.0 = Debug|Any CPU
		{3F73CC77-1408-473A-B5EA-C42109553FE3}.Release|Any CPU.ActiveCfg = Release|Any CPU
		{3F73CC77-1408-473A-B5EA-C42109553FE3}.Release|Any CPU.Build.0 = Release|Any CPU
		{3F73CC77-1408-473A-B5EA-C42109553FE3}.Release|x64.ActiveCfg = Release|Any CPU
		{3F73CC77-1408-473A-B5EA-C42109553FE3}.Release|x64.Build.0 = Release|Any CPU
		{3F73CC77-1408-473A-B5EA-C42109553FE3}.Release|x86.ActiveCfg = Release|Any CPU
		{3F73CC77-1408-473A-B5EA-C42109553FE3}.Release|x86.Build.0 = Release|Any CPU
		{666CC570-F8B4-4F74-9A47-F8DC561061BE}.Debug|Any CPU.ActiveCfg = Debug|Any CPU
		{666CC570-F8B4-4F74-9A47-F8DC561061BE}.Debug|Any CPU.Build.0 = Debug|Any CPU
		{666CC570-F8B4-4F74-9A47-F8DC561061BE}.Debug|x64.ActiveCfg = Debug|Any CPU
		{666CC570-F8B4-4F74-9A47-F8DC561061BE}.Debug|x64.Build.0 = Debug|Any CPU
		{666CC570-F8B4-4F74-9A47-F8DC561061BE}.Debug|x86.ActiveCfg = Debug|Any CPU
		{666CC570-F8B4-4F74-9A47-F8DC561061BE}.Debug|x86.Build.0 = Debug|Any CPU
		{666CC570-F8B4-4F74-9A47-F8DC561061BE}.Release|Any CPU.ActiveCfg = Release|Any CPU
		{666CC570-F8B4-4F74-9A47-F8DC561061BE}.Release|Any CPU.Build.0 = Release|Any CPU
		{666CC570-F8B4-4F74-9A47-F8DC561061BE}.Release|x64.ActiveCfg = Release|Any CPU
		{666CC570-F8B4-4F74-9A47-F8DC561061BE}.Release|x64.Build.0 = Release|Any CPU
		{666CC570-F8B4-4F74-9A47-F8DC561061BE}.Release|x86.ActiveCfg = Release|Any CPU
		{666CC570-F8B4-4F74-9A47-F8DC561061BE}.Release|x86.Build.0 = Release|Any CPU
		{B899BEE8-DAA2-4D01-96AE-354F7E1958DD}.Debug|Any CPU.ActiveCfg = Debug|Any CPU
		{B899BEE8-DAA2-4D01-96AE-354F7E1958DD}.Debug|Any CPU.Build.0 = Debug|Any CPU
		{B899BEE8-DAA2-4D01-96AE-354F7E1958DD}.Debug|x64.ActiveCfg = Debug|Any CPU
		{B899BEE8-DAA2-4D01-96AE-354F7E1958DD}.Debug|x64.Build.0 = Debug|Any CPU
		{B899BEE8-DAA2-4D01-96AE-354F7E1958DD}.Debug|x86.ActiveCfg = Debug|Any CPU
		{B899BEE8-DAA2-4D01-96AE-354F7E1958DD}.Debug|x86.Build.0 = Debug|Any CPU
		{B899BEE8-DAA2-4D01-96AE-354F7E1958DD}.Release|Any CPU.ActiveCfg = Release|Any CPU
		{B899BEE8-DAA2-4D01-96AE-354F7E1958DD}.Release|Any CPU.Build.0 = Release|Any CPU
		{B899BEE8-DAA2-4D01-96AE-354F7E1958DD}.Release|x64.ActiveCfg = Release|Any CPU
		{B899BEE8-DAA2-4D01-96AE-354F7E1958DD}.Release|x64.Build.0 = Release|Any CPU
		{B899BEE8-DAA2-4D01-96AE-354F7E1958DD}.Release|x86.ActiveCfg = Release|Any CPU
		{B899BEE8-DAA2-4D01-96AE-354F7E1958DD}.Release|x86.Build.0 = Release|Any CPU
		{D965A59D-0270-4BD5-8C68-338E38DEE55E}.Debug|Any CPU.ActiveCfg = Debug|Any CPU
		{D965A59D-0270-4BD5-8C68-338E38DEE55E}.Debug|Any CPU.Build.0 = Debug|Any CPU
		{D965A59D-0270-4BD5-8C68-338E38DEE55E}.Debug|x64.ActiveCfg = Debug|Any CPU
		{D965A59D-0270-4BD5-8C68-338E38DEE55E}.Debug|x64.Build.0 = Debug|Any CPU
		{D965A59D-0270-4BD5-8C68-338E38DEE55E}.Debug|x86.ActiveCfg = Debug|Any CPU
		{D965A59D-0270-4BD5-8C68-338E38DEE55E}.Debug|x86.Build.0 = Debug|Any CPU
		{D965A59D-0270-4BD5-8C68-338E38DEE55E}.Release|Any CPU.ActiveCfg = Release|Any CPU
		{D965A59D-0270-4BD5-8C68-338E38DEE55E}.Release|Any CPU.Build.0 = Release|Any CPU
		{D965A59D-0270-4BD5-8C68-338E38DEE55E}.Release|x64.ActiveCfg = Release|Any CPU
		{D965A59D-0270-4BD5-8C68-338E38DEE55E}.Release|x64.Build.0 = Release|Any CPU
		{D965A59D-0270-4BD5-8C68-338E38DEE55E}.Release|x86.ActiveCfg = Release|Any CPU
		{D965A59D-0270-4BD5-8C68-338E38DEE55E}.Release|x86.Build.0 = Release|Any CPU
		{88C80D2A-DF44-4D08-B92F-8101408CE588}.Debug|Any CPU.ActiveCfg = Debug|Any CPU
		{88C80D2A-DF44-4D08-B92F-8101408CE588}.Debug|Any CPU.Build.0 = Debug|Any CPU
		{88C80D2A-DF44-4D08-B92F-8101408CE588}.Debug|x64.ActiveCfg = Debug|Any CPU
		{88C80D2A-DF44-4D08-B92F-8101408CE588}.Debug|x64.Build.0 = Debug|Any CPU
		{88C80D2A-DF44-4D08-B92F-8101408CE588}.Debug|x86.ActiveCfg = Debug|Any CPU
		{88C80D2A-DF44-4D08-B92F-8101408CE588}.Debug|x86.Build.0 = Debug|Any CPU
		{88C80D2A-DF44-4D08-B92F-8101408CE588}.Release|Any CPU.ActiveCfg = Release|Any CPU
		{88C80D2A-DF44-4D08-B92F-8101408CE588}.Release|Any CPU.Build.0 = Release|Any CPU
		{88C80D2A-DF44-4D08-B92F-8101408CE588}.Release|x64.ActiveCfg = Release|Any CPU
		{88C80D2A-DF44-4D08-B92F-8101408CE588}.Release|x64.Build.0 = Release|Any CPU
		{88C80D2A-DF44-4D08-B92F-8101408CE588}.Release|x86.ActiveCfg = Release|Any CPU
		{88C80D2A-DF44-4D08-B92F-8101408CE588}.Release|x86.Build.0 = Release|Any CPU
		{B8FB5EB4-794F-4C1B-B746-C3431EBB8A0A}.Debug|Any CPU.ActiveCfg = Debug|Any CPU
		{B8FB5EB4-794F-4C1B-B746-C3431EBB8A0A}.Debug|Any CPU.Build.0 = Debug|Any CPU
		{B8FB5EB4-794F-4C1B-B746-C3431EBB8A0A}.Debug|x64.ActiveCfg = Debug|Any CPU
		{B8FB5EB4-794F-4C1B-B746-C3431EBB8A0A}.Debug|x64.Build.0 = Debug|Any CPU
		{B8FB5EB4-794F-4C1B-B746-C3431EBB8A0A}.Debug|x86.ActiveCfg = Debug|Any CPU
		{B8FB5EB4-794F-4C1B-B746-C3431EBB8A0A}.Debug|x86.Build.0 = Debug|Any CPU
		{B8FB5EB4-794F-4C1B-B746-C3431EBB8A0A}.Release|Any CPU.ActiveCfg = Release|Any CPU
		{B8FB5EB4-794F-4C1B-B746-C3431EBB8A0A}.Release|Any CPU.Build.0 = Release|Any CPU
		{B8FB5EB4-794F-4C1B-B746-C3431EBB8A0A}.Release|x64.ActiveCfg = Release|Any CPU
		{B8FB5EB4-794F-4C1B-B746-C3431EBB8A0A}.Release|x64.Build.0 = Release|Any CPU
		{B8FB5EB4-794F-4C1B-B746-C3431EBB8A0A}.Release|x86.ActiveCfg = Release|Any CPU
		{B8FB5EB4-794F-4C1B-B746-C3431EBB8A0A}.Release|x86.Build.0 = Release|Any CPU
		{19C91BF9-3B32-47A2-94DA-84B1BEB98611}.Debug|Any CPU.ActiveCfg = Debug|Any CPU
		{19C91BF9-3B32-47A2-94DA-84B1BEB98611}.Debug|Any CPU.Build.0 = Debug|Any CPU
		{19C91BF9-3B32-47A2-94DA-84B1BEB98611}.Debug|x64.ActiveCfg = Debug|Any CPU
		{19C91BF9-3B32-47A2-94DA-84B1BEB98611}.Debug|x64.Build.0 = Debug|Any CPU
		{19C91BF9-3B32-47A2-94DA-84B1BEB98611}.Debug|x86.ActiveCfg = Debug|Any CPU
		{19C91BF9-3B32-47A2-94DA-84B1BEB98611}.Debug|x86.Build.0 = Debug|Any CPU
		{19C91BF9-3B32-47A2-94DA-84B1BEB98611}.Release|Any CPU.ActiveCfg = Release|Any CPU
		{19C91BF9-3B32-47A2-94DA-84B1BEB98611}.Release|Any CPU.Build.0 = Release|Any CPU
		{19C91BF9-3B32-47A2-94DA-84B1BEB98611}.Release|x64.ActiveCfg = Release|Any CPU
		{19C91BF9-3B32-47A2-94DA-84B1BEB98611}.Release|x64.Build.0 = Release|Any CPU
		{19C91BF9-3B32-47A2-94DA-84B1BEB98611}.Release|x86.ActiveCfg = Release|Any CPU
		{19C91BF9-3B32-47A2-94DA-84B1BEB98611}.Release|x86.Build.0 = Release|Any CPU
		{3CA9DB36-7786-4157-B4BF-4CD54838A988}.Debug|Any CPU.ActiveCfg = Debug|Any CPU
		{3CA9DB36-7786-4157-B4BF-4CD54838A988}.Debug|Any CPU.Build.0 = Debug|Any CPU
		{3CA9DB36-7786-4157-B4BF-4CD54838A988}.Debug|x64.ActiveCfg = Debug|Any CPU
		{3CA9DB36-7786-4157-B4BF-4CD54838A988}.Debug|x64.Build.0 = Debug|Any CPU
		{3CA9DB36-7786-4157-B4BF-4CD54838A988}.Debug|x86.ActiveCfg = Debug|Any CPU
		{3CA9DB36-7786-4157-B4BF-4CD54838A988}.Debug|x86.Build.0 = Debug|Any CPU
		{3CA9DB36-7786-4157-B4BF-4CD54838A988}.Release|Any CPU.ActiveCfg = Release|Any CPU
		{3CA9DB36-7786-4157-B4BF-4CD54838A988}.Release|Any CPU.Build.0 = Release|Any CPU
		{3CA9DB36-7786-4157-B4BF-4CD54838A988}.Release|x64.ActiveCfg = Release|Any CPU
		{3CA9DB36-7786-4157-B4BF-4CD54838A988}.Release|x64.Build.0 = Release|Any CPU
		{3CA9DB36-7786-4157-B4BF-4CD54838A988}.Release|x86.ActiveCfg = Release|Any CPU
		{3CA9DB36-7786-4157-B4BF-4CD54838A988}.Release|x86.Build.0 = Release|Any CPU
		{E6D968FA-3C3B-436C-B4D2-327EA36B7930}.Debug|Any CPU.ActiveCfg = Debug|Any CPU
		{E6D968FA-3C3B-436C-B4D2-327EA36B7930}.Debug|Any CPU.Build.0 = Debug|Any CPU
		{E6D968FA-3C3B-436C-B4D2-327EA36B7930}.Debug|x64.ActiveCfg = Debug|Any CPU
		{E6D968FA-3C3B-436C-B4D2-327EA36B7930}.Debug|x64.Build.0 = Debug|Any CPU
		{E6D968FA-3C3B-436C-B4D2-327EA36B7930}.Debug|x86.ActiveCfg = Debug|Any CPU
		{E6D968FA-3C3B-436C-B4D2-327EA36B7930}.Debug|x86.Build.0 = Debug|Any CPU
		{E6D968FA-3C3B-436C-B4D2-327EA36B7930}.Release|Any CPU.ActiveCfg = Release|Any CPU
		{E6D968FA-3C3B-436C-B4D2-327EA36B7930}.Release|Any CPU.Build.0 = Release|Any CPU
		{E6D968FA-3C3B-436C-B4D2-327EA36B7930}.Release|x64.ActiveCfg = Release|Any CPU
		{E6D968FA-3C3B-436C-B4D2-327EA36B7930}.Release|x64.Build.0 = Release|Any CPU
		{E6D968FA-3C3B-436C-B4D2-327EA36B7930}.Release|x86.ActiveCfg = Release|Any CPU
		{E6D968FA-3C3B-436C-B4D2-327EA36B7930}.Release|x86.Build.0 = Release|Any CPU
		{6B305469-B196-4184-BE77-6A6527F09414}.Debug|Any CPU.ActiveCfg = Debug|Any CPU
		{6B305469-B196-4184-BE77-6A6527F09414}.Debug|Any CPU.Build.0 = Debug|Any CPU
		{6B305469-B196-4184-BE77-6A6527F09414}.Debug|x64.ActiveCfg = Debug|Any CPU
		{6B305469-B196-4184-BE77-6A6527F09414}.Debug|x64.Build.0 = Debug|Any CPU
		{6B305469-B196-4184-BE77-6A6527F09414}.Debug|x86.ActiveCfg = Debug|Any CPU
		{6B305469-B196-4184-BE77-6A6527F09414}.Debug|x86.Build.0 = Debug|Any CPU
		{6B305469-B196-4184-BE77-6A6527F09414}.Release|Any CPU.ActiveCfg = Release|Any CPU
		{6B305469-B196-4184-BE77-6A6527F09414}.Release|Any CPU.Build.0 = Release|Any CPU
		{6B305469-B196-4184-BE77-6A6527F09414}.Release|x64.ActiveCfg = Release|Any CPU
		{6B305469-B196-4184-BE77-6A6527F09414}.Release|x64.Build.0 = Release|Any CPU
		{6B305469-B196-4184-BE77-6A6527F09414}.Release|x86.ActiveCfg = Release|Any CPU
		{6B305469-B196-4184-BE77-6A6527F09414}.Release|x86.Build.0 = Release|Any CPU
		{7C4D4B7C-E7F7-44B5-9F58-F67FEC068A3D}.Debug|Any CPU.ActiveCfg = Debug|Any CPU
		{7C4D4B7C-E7F7-44B5-9F58-F67FEC068A3D}.Debug|Any CPU.Build.0 = Debug|Any CPU
		{7C4D4B7C-E7F7-44B5-9F58-F67FEC068A3D}.Debug|x64.ActiveCfg = Debug|Any CPU
		{7C4D4B7C-E7F7-44B5-9F58-F67FEC068A3D}.Debug|x64.Build.0 = Debug|Any CPU
		{7C4D4B7C-E7F7-44B5-9F58-F67FEC068A3D}.Debug|x86.ActiveCfg = Debug|Any CPU
		{7C4D4B7C-E7F7-44B5-9F58-F67FEC068A3D}.Debug|x86.Build.0 = Debug|Any CPU
		{7C4D4B7C-E7F7-44B5-9F58-F67FEC068A3D}.Release|Any CPU.ActiveCfg = Release|Any CPU
		{7C4D4B7C-E7F7-44B5-9F58-F67FEC068A3D}.Release|Any CPU.Build.0 = Release|Any CPU
		{7C4D4B7C-E7F7-44B5-9F58-F67FEC068A3D}.Release|x64.ActiveCfg = Release|Any CPU
		{7C4D4B7C-E7F7-44B5-9F58-F67FEC068A3D}.Release|x64.Build.0 = Release|Any CPU
		{7C4D4B7C-E7F7-44B5-9F58-F67FEC068A3D}.Release|x86.ActiveCfg = Release|Any CPU
		{7C4D4B7C-E7F7-44B5-9F58-F67FEC068A3D}.Release|x86.Build.0 = Release|Any CPU
		{0EEF6220-9EE4-4F0B-B198-3FCC0D25750D}.Debug|Any CPU.ActiveCfg = Debug|Any CPU
		{0EEF6220-9EE4-4F0B-B198-3FCC0D25750D}.Debug|Any CPU.Build.0 = Debug|Any CPU
		{0EEF6220-9EE4-4F0B-B198-3FCC0D25750D}.Debug|x64.ActiveCfg = Debug|Any CPU
		{0EEF6220-9EE4-4F0B-B198-3FCC0D25750D}.Debug|x64.Build.0 = Debug|Any CPU
		{0EEF6220-9EE4-4F0B-B198-3FCC0D25750D}.Debug|x86.ActiveCfg = Debug|Any CPU
		{0EEF6220-9EE4-4F0B-B198-3FCC0D25750D}.Debug|x86.Build.0 = Debug|Any CPU
		{0EEF6220-9EE4-4F0B-B198-3FCC0D25750D}.Release|Any CPU.ActiveCfg = Release|Any CPU
		{0EEF6220-9EE4-4F0B-B198-3FCC0D25750D}.Release|Any CPU.Build.0 = Release|Any CPU
		{0EEF6220-9EE4-4F0B-B198-3FCC0D25750D}.Release|x64.ActiveCfg = Release|Any CPU
		{0EEF6220-9EE4-4F0B-B198-3FCC0D25750D}.Release|x64.Build.0 = Release|Any CPU
		{0EEF6220-9EE4-4F0B-B198-3FCC0D25750D}.Release|x86.ActiveCfg = Release|Any CPU
		{0EEF6220-9EE4-4F0B-B198-3FCC0D25750D}.Release|x86.Build.0 = Release|Any CPU
		{7E7B6FB7-431A-4BAE-8ED7-594ACAC16EEB}.Debug|Any CPU.ActiveCfg = Debug|Any CPU
		{7E7B6FB7-431A-4BAE-8ED7-594ACAC16EEB}.Debug|Any CPU.Build.0 = Debug|Any CPU
		{7E7B6FB7-431A-4BAE-8ED7-594ACAC16EEB}.Debug|x64.ActiveCfg = Debug|Any CPU
		{7E7B6FB7-431A-4BAE-8ED7-594ACAC16EEB}.Debug|x64.Build.0 = Debug|Any CPU
		{7E7B6FB7-431A-4BAE-8ED7-594ACAC16EEB}.Debug|x86.ActiveCfg = Debug|Any CPU
		{7E7B6FB7-431A-4BAE-8ED7-594ACAC16EEB}.Debug|x86.Build.0 = Debug|Any CPU
		{7E7B6FB7-431A-4BAE-8ED7-594ACAC16EEB}.Release|Any CPU.ActiveCfg = Release|Any CPU
		{7E7B6FB7-431A-4BAE-8ED7-594ACAC16EEB}.Release|Any CPU.Build.0 = Release|Any CPU
		{7E7B6FB7-431A-4BAE-8ED7-594ACAC16EEB}.Release|x64.ActiveCfg = Release|Any CPU
		{7E7B6FB7-431A-4BAE-8ED7-594ACAC16EEB}.Release|x64.Build.0 = Release|Any CPU
		{7E7B6FB7-431A-4BAE-8ED7-594ACAC16EEB}.Release|x86.ActiveCfg = Release|Any CPU
		{7E7B6FB7-431A-4BAE-8ED7-594ACAC16EEB}.Release|x86.Build.0 = Release|Any CPU
		{ECE1C504-9B71-4F1F-BEB6-1EFF154C28DF}.Debug|Any CPU.ActiveCfg = Debug|Any CPU
		{ECE1C504-9B71-4F1F-BEB6-1EFF154C28DF}.Debug|Any CPU.Build.0 = Debug|Any CPU
		{ECE1C504-9B71-4F1F-BEB6-1EFF154C28DF}.Debug|x64.ActiveCfg = Debug|Any CPU
		{ECE1C504-9B71-4F1F-BEB6-1EFF154C28DF}.Debug|x64.Build.0 = Debug|Any CPU
		{ECE1C504-9B71-4F1F-BEB6-1EFF154C28DF}.Debug|x86.ActiveCfg = Debug|Any CPU
		{ECE1C504-9B71-4F1F-BEB6-1EFF154C28DF}.Debug|x86.Build.0 = Debug|Any CPU
		{ECE1C504-9B71-4F1F-BEB6-1EFF154C28DF}.Release|Any CPU.ActiveCfg = Release|Any CPU
		{ECE1C504-9B71-4F1F-BEB6-1EFF154C28DF}.Release|Any CPU.Build.0 = Release|Any CPU
		{ECE1C504-9B71-4F1F-BEB6-1EFF154C28DF}.Release|x64.ActiveCfg = Release|Any CPU
		{ECE1C504-9B71-4F1F-BEB6-1EFF154C28DF}.Release|x64.Build.0 = Release|Any CPU
		{ECE1C504-9B71-4F1F-BEB6-1EFF154C28DF}.Release|x86.ActiveCfg = Release|Any CPU
		{ECE1C504-9B71-4F1F-BEB6-1EFF154C28DF}.Release|x86.Build.0 = Release|Any CPU
		{DB61A36B-0C54-426C-9663-0B154CF583A7}.Debug|Any CPU.ActiveCfg = Debug|Any CPU
		{DB61A36B-0C54-426C-9663-0B154CF583A7}.Debug|Any CPU.Build.0 = Debug|Any CPU
		{DB61A36B-0C54-426C-9663-0B154CF583A7}.Debug|x64.ActiveCfg = Debug|Any CPU
		{DB61A36B-0C54-426C-9663-0B154CF583A7}.Debug|x64.Build.0 = Debug|Any CPU
		{DB61A36B-0C54-426C-9663-0B154CF583A7}.Debug|x86.ActiveCfg = Debug|Any CPU
		{DB61A36B-0C54-426C-9663-0B154CF583A7}.Debug|x86.Build.0 = Debug|Any CPU
		{DB61A36B-0C54-426C-9663-0B154CF583A7}.Release|Any CPU.ActiveCfg = Release|Any CPU
		{DB61A36B-0C54-426C-9663-0B154CF583A7}.Release|Any CPU.Build.0 = Release|Any CPU
		{DB61A36B-0C54-426C-9663-0B154CF583A7}.Release|x64.ActiveCfg = Release|Any CPU
		{DB61A36B-0C54-426C-9663-0B154CF583A7}.Release|x64.Build.0 = Release|Any CPU
		{DB61A36B-0C54-426C-9663-0B154CF583A7}.Release|x86.ActiveCfg = Release|Any CPU
		{DB61A36B-0C54-426C-9663-0B154CF583A7}.Release|x86.Build.0 = Release|Any CPU
		{86133209-C6D4-4AF9-B29C-D417F5827E0D}.Debug|Any CPU.ActiveCfg = Debug|Any CPU
		{86133209-C6D4-4AF9-B29C-D417F5827E0D}.Debug|Any CPU.Build.0 = Debug|Any CPU
		{86133209-C6D4-4AF9-B29C-D417F5827E0D}.Debug|x64.ActiveCfg = Debug|Any CPU
		{86133209-C6D4-4AF9-B29C-D417F5827E0D}.Debug|x64.Build.0 = Debug|Any CPU
		{86133209-C6D4-4AF9-B29C-D417F5827E0D}.Debug|x86.ActiveCfg = Debug|Any CPU
		{86133209-C6D4-4AF9-B29C-D417F5827E0D}.Debug|x86.Build.0 = Debug|Any CPU
		{86133209-C6D4-4AF9-B29C-D417F5827E0D}.Release|Any CPU.ActiveCfg = Release|Any CPU
		{86133209-C6D4-4AF9-B29C-D417F5827E0D}.Release|Any CPU.Build.0 = Release|Any CPU
		{86133209-C6D4-4AF9-B29C-D417F5827E0D}.Release|x64.ActiveCfg = Release|Any CPU
		{86133209-C6D4-4AF9-B29C-D417F5827E0D}.Release|x64.Build.0 = Release|Any CPU
		{86133209-C6D4-4AF9-B29C-D417F5827E0D}.Release|x86.ActiveCfg = Release|Any CPU
		{86133209-C6D4-4AF9-B29C-D417F5827E0D}.Release|x86.Build.0 = Release|Any CPU
		{94EFA654-617C-4FEE-ACC2-9B6803F41A9E}.Debug|Any CPU.ActiveCfg = Debug|Any CPU
		{94EFA654-617C-4FEE-ACC2-9B6803F41A9E}.Debug|Any CPU.Build.0 = Debug|Any CPU
		{94EFA654-617C-4FEE-ACC2-9B6803F41A9E}.Debug|x64.ActiveCfg = Debug|Any CPU
		{94EFA654-617C-4FEE-ACC2-9B6803F41A9E}.Debug|x64.Build.0 = Debug|Any CPU
		{94EFA654-617C-4FEE-ACC2-9B6803F41A9E}.Debug|x86.ActiveCfg = Debug|Any CPU
		{94EFA654-617C-4FEE-ACC2-9B6803F41A9E}.Debug|x86.Build.0 = Debug|Any CPU
		{94EFA654-617C-4FEE-ACC2-9B6803F41A9E}.Release|Any CPU.ActiveCfg = Release|Any CPU
		{94EFA654-617C-4FEE-ACC2-9B6803F41A9E}.Release|Any CPU.Build.0 = Release|Any CPU
		{94EFA654-617C-4FEE-ACC2-9B6803F41A9E}.Release|x64.ActiveCfg = Release|Any CPU
		{94EFA654-617C-4FEE-ACC2-9B6803F41A9E}.Release|x64.Build.0 = Release|Any CPU
		{94EFA654-617C-4FEE-ACC2-9B6803F41A9E}.Release|x86.ActiveCfg = Release|Any CPU
		{94EFA654-617C-4FEE-ACC2-9B6803F41A9E}.Release|x86.Build.0 = Release|Any CPU
		{AC82302F-7AB9-4A1B-B45C-CDE0511F8EED}.Debug|Any CPU.ActiveCfg = Debug|Any CPU
		{AC82302F-7AB9-4A1B-B45C-CDE0511F8EED}.Debug|Any CPU.Build.0 = Debug|Any CPU
		{AC82302F-7AB9-4A1B-B45C-CDE0511F8EED}.Debug|x64.ActiveCfg = Debug|Any CPU
		{AC82302F-7AB9-4A1B-B45C-CDE0511F8EED}.Debug|x64.Build.0 = Debug|Any CPU
		{AC82302F-7AB9-4A1B-B45C-CDE0511F8EED}.Debug|x86.ActiveCfg = Debug|Any CPU
		{AC82302F-7AB9-4A1B-B45C-CDE0511F8EED}.Debug|x86.Build.0 = Debug|Any CPU
		{AC82302F-7AB9-4A1B-B45C-CDE0511F8EED}.Release|Any CPU.ActiveCfg = Release|Any CPU
		{AC82302F-7AB9-4A1B-B45C-CDE0511F8EED}.Release|Any CPU.Build.0 = Release|Any CPU
		{AC82302F-7AB9-4A1B-B45C-CDE0511F8EED}.Release|x64.ActiveCfg = Release|Any CPU
		{AC82302F-7AB9-4A1B-B45C-CDE0511F8EED}.Release|x64.Build.0 = Release|Any CPU
		{AC82302F-7AB9-4A1B-B45C-CDE0511F8EED}.Release|x86.ActiveCfg = Release|Any CPU
		{AC82302F-7AB9-4A1B-B45C-CDE0511F8EED}.Release|x86.Build.0 = Release|Any CPU
		{41C50626-5AFB-4A37-9181-443BC09C4B09}.Debug|Any CPU.ActiveCfg = Debug|Any CPU
		{41C50626-5AFB-4A37-9181-443BC09C4B09}.Debug|Any CPU.Build.0 = Debug|Any CPU
		{41C50626-5AFB-4A37-9181-443BC09C4B09}.Debug|x64.ActiveCfg = Debug|Any CPU
		{41C50626-5AFB-4A37-9181-443BC09C4B09}.Debug|x64.Build.0 = Debug|Any CPU
		{41C50626-5AFB-4A37-9181-443BC09C4B09}.Debug|x86.ActiveCfg = Debug|Any CPU
		{41C50626-5AFB-4A37-9181-443BC09C4B09}.Debug|x86.Build.0 = Debug|Any CPU
		{41C50626-5AFB-4A37-9181-443BC09C4B09}.Release|Any CPU.ActiveCfg = Release|Any CPU
		{41C50626-5AFB-4A37-9181-443BC09C4B09}.Release|Any CPU.Build.0 = Release|Any CPU
		{41C50626-5AFB-4A37-9181-443BC09C4B09}.Release|x64.ActiveCfg = Release|Any CPU
		{41C50626-5AFB-4A37-9181-443BC09C4B09}.Release|x64.Build.0 = Release|Any CPU
		{41C50626-5AFB-4A37-9181-443BC09C4B09}.Release|x86.ActiveCfg = Release|Any CPU
		{41C50626-5AFB-4A37-9181-443BC09C4B09}.Release|x86.Build.0 = Release|Any CPU
		{A23A9FAF-ABDD-4248-8F9B-7DFB57EB6D06}.Debug|Any CPU.ActiveCfg = Debug|Any CPU
		{A23A9FAF-ABDD-4248-8F9B-7DFB57EB6D06}.Debug|Any CPU.Build.0 = Debug|Any CPU
		{A23A9FAF-ABDD-4248-8F9B-7DFB57EB6D06}.Debug|x64.ActiveCfg = Debug|Any CPU
		{A23A9FAF-ABDD-4248-8F9B-7DFB57EB6D06}.Debug|x64.Build.0 = Debug|Any CPU
		{A23A9FAF-ABDD-4248-8F9B-7DFB57EB6D06}.Debug|x86.ActiveCfg = Debug|Any CPU
		{A23A9FAF-ABDD-4248-8F9B-7DFB57EB6D06}.Debug|x86.Build.0 = Debug|Any CPU
		{A23A9FAF-ABDD-4248-8F9B-7DFB57EB6D06}.Release|Any CPU.ActiveCfg = Release|Any CPU
		{A23A9FAF-ABDD-4248-8F9B-7DFB57EB6D06}.Release|Any CPU.Build.0 = Release|Any CPU
		{A23A9FAF-ABDD-4248-8F9B-7DFB57EB6D06}.Release|x64.ActiveCfg = Release|Any CPU
		{A23A9FAF-ABDD-4248-8F9B-7DFB57EB6D06}.Release|x64.Build.0 = Release|Any CPU
		{A23A9FAF-ABDD-4248-8F9B-7DFB57EB6D06}.Release|x86.ActiveCfg = Release|Any CPU
		{A23A9FAF-ABDD-4248-8F9B-7DFB57EB6D06}.Release|x86.Build.0 = Release|Any CPU
		{4D676F89-61DE-4C41-8656-88B59A0602FA}.Debug|Any CPU.ActiveCfg = Debug|Any CPU
		{4D676F89-61DE-4C41-8656-88B59A0602FA}.Debug|Any CPU.Build.0 = Debug|Any CPU
		{4D676F89-61DE-4C41-8656-88B59A0602FA}.Debug|x64.ActiveCfg = Debug|Any CPU
		{4D676F89-61DE-4C41-8656-88B59A0602FA}.Debug|x64.Build.0 = Debug|Any CPU
		{4D676F89-61DE-4C41-8656-88B59A0602FA}.Debug|x86.ActiveCfg = Debug|Any CPU
		{4D676F89-61DE-4C41-8656-88B59A0602FA}.Debug|x86.Build.0 = Debug|Any CPU
		{4D676F89-61DE-4C41-8656-88B59A0602FA}.Release|Any CPU.ActiveCfg = Release|Any CPU
		{4D676F89-61DE-4C41-8656-88B59A0602FA}.Release|Any CPU.Build.0 = Release|Any CPU
		{4D676F89-61DE-4C41-8656-88B59A0602FA}.Release|x64.ActiveCfg = Release|Any CPU
		{4D676F89-61DE-4C41-8656-88B59A0602FA}.Release|x64.Build.0 = Release|Any CPU
		{4D676F89-61DE-4C41-8656-88B59A0602FA}.Release|x86.ActiveCfg = Release|Any CPU
		{4D676F89-61DE-4C41-8656-88B59A0602FA}.Release|x86.Build.0 = Release|Any CPU
		{792CF0EE-4E8B-4A99-839A-0E655DB5E319}.Debug|Any CPU.ActiveCfg = Debug|Any CPU
		{792CF0EE-4E8B-4A99-839A-0E655DB5E319}.Debug|Any CPU.Build.0 = Debug|Any CPU
		{792CF0EE-4E8B-4A99-839A-0E655DB5E319}.Debug|x64.ActiveCfg = Debug|Any CPU
		{792CF0EE-4E8B-4A99-839A-0E655DB5E319}.Debug|x64.Build.0 = Debug|Any CPU
		{792CF0EE-4E8B-4A99-839A-0E655DB5E319}.Debug|x86.ActiveCfg = Debug|Any CPU
		{792CF0EE-4E8B-4A99-839A-0E655DB5E319}.Debug|x86.Build.0 = Debug|Any CPU
		{792CF0EE-4E8B-4A99-839A-0E655DB5E319}.Release|Any CPU.ActiveCfg = Release|Any CPU
		{792CF0EE-4E8B-4A99-839A-0E655DB5E319}.Release|Any CPU.Build.0 = Release|Any CPU
		{792CF0EE-4E8B-4A99-839A-0E655DB5E319}.Release|x64.ActiveCfg = Release|Any CPU
		{792CF0EE-4E8B-4A99-839A-0E655DB5E319}.Release|x64.Build.0 = Release|Any CPU
		{792CF0EE-4E8B-4A99-839A-0E655DB5E319}.Release|x86.ActiveCfg = Release|Any CPU
		{792CF0EE-4E8B-4A99-839A-0E655DB5E319}.Release|x86.Build.0 = Release|Any CPU
		{E73D3B89-5F09-4C30-AA8A-9B64CFC38BD6}.Debug|Any CPU.ActiveCfg = Debug|Any CPU
		{E73D3B89-5F09-4C30-AA8A-9B64CFC38BD6}.Debug|Any CPU.Build.0 = Debug|Any CPU
		{E73D3B89-5F09-4C30-AA8A-9B64CFC38BD6}.Debug|x64.ActiveCfg = Debug|Any CPU
		{E73D3B89-5F09-4C30-AA8A-9B64CFC38BD6}.Debug|x64.Build.0 = Debug|Any CPU
		{E73D3B89-5F09-4C30-AA8A-9B64CFC38BD6}.Debug|x86.ActiveCfg = Debug|Any CPU
		{E73D3B89-5F09-4C30-AA8A-9B64CFC38BD6}.Debug|x86.Build.0 = Debug|Any CPU
		{E73D3B89-5F09-4C30-AA8A-9B64CFC38BD6}.Release|Any CPU.ActiveCfg = Release|Any CPU
		{E73D3B89-5F09-4C30-AA8A-9B64CFC38BD6}.Release|Any CPU.Build.0 = Release|Any CPU
		{E73D3B89-5F09-4C30-AA8A-9B64CFC38BD6}.Release|x64.ActiveCfg = Release|Any CPU
		{E73D3B89-5F09-4C30-AA8A-9B64CFC38BD6}.Release|x64.Build.0 = Release|Any CPU
		{E73D3B89-5F09-4C30-AA8A-9B64CFC38BD6}.Release|x86.ActiveCfg = Release|Any CPU
		{E73D3B89-5F09-4C30-AA8A-9B64CFC38BD6}.Release|x86.Build.0 = Release|Any CPU
		{014611FB-0EA3-4DF0-9869-FA956CEFF688}.Debug|Any CPU.ActiveCfg = Debug|Any CPU
		{014611FB-0EA3-4DF0-9869-FA956CEFF688}.Debug|Any CPU.Build.0 = Debug|Any CPU
		{014611FB-0EA3-4DF0-9869-FA956CEFF688}.Debug|x64.ActiveCfg = Debug|Any CPU
		{014611FB-0EA3-4DF0-9869-FA956CEFF688}.Debug|x64.Build.0 = Debug|Any CPU
		{014611FB-0EA3-4DF0-9869-FA956CEFF688}.Debug|x86.ActiveCfg = Debug|Any CPU
		{014611FB-0EA3-4DF0-9869-FA956CEFF688}.Debug|x86.Build.0 = Debug|Any CPU
		{014611FB-0EA3-4DF0-9869-FA956CEFF688}.Release|Any CPU.ActiveCfg = Release|Any CPU
		{014611FB-0EA3-4DF0-9869-FA956CEFF688}.Release|Any CPU.Build.0 = Release|Any CPU
		{014611FB-0EA3-4DF0-9869-FA956CEFF688}.Release|x64.ActiveCfg = Release|Any CPU
		{014611FB-0EA3-4DF0-9869-FA956CEFF688}.Release|x64.Build.0 = Release|Any CPU
		{014611FB-0EA3-4DF0-9869-FA956CEFF688}.Release|x86.ActiveCfg = Release|Any CPU
		{014611FB-0EA3-4DF0-9869-FA956CEFF688}.Release|x86.Build.0 = Release|Any CPU
		{362EFB20-0814-4870-8E31-6A42DC49EAFA}.Debug|Any CPU.ActiveCfg = Debug|Any CPU
		{362EFB20-0814-4870-8E31-6A42DC49EAFA}.Debug|Any CPU.Build.0 = Debug|Any CPU
		{362EFB20-0814-4870-8E31-6A42DC49EAFA}.Debug|x64.ActiveCfg = Debug|Any CPU
		{362EFB20-0814-4870-8E31-6A42DC49EAFA}.Debug|x64.Build.0 = Debug|Any CPU
		{362EFB20-0814-4870-8E31-6A42DC49EAFA}.Debug|x86.ActiveCfg = Debug|Any CPU
		{362EFB20-0814-4870-8E31-6A42DC49EAFA}.Debug|x86.Build.0 = Debug|Any CPU
		{362EFB20-0814-4870-8E31-6A42DC49EAFA}.Release|Any CPU.ActiveCfg = Release|Any CPU
		{362EFB20-0814-4870-8E31-6A42DC49EAFA}.Release|Any CPU.Build.0 = Release|Any CPU
		{362EFB20-0814-4870-8E31-6A42DC49EAFA}.Release|x64.ActiveCfg = Release|Any CPU
		{362EFB20-0814-4870-8E31-6A42DC49EAFA}.Release|x64.Build.0 = Release|Any CPU
		{362EFB20-0814-4870-8E31-6A42DC49EAFA}.Release|x86.ActiveCfg = Release|Any CPU
		{362EFB20-0814-4870-8E31-6A42DC49EAFA}.Release|x86.Build.0 = Release|Any CPU
		{026CD430-7FCC-44EE-ADCB-39EDFE3F7743}.Debug|Any CPU.ActiveCfg = Debug|Any CPU
		{026CD430-7FCC-44EE-ADCB-39EDFE3F7743}.Debug|Any CPU.Build.0 = Debug|Any CPU
		{026CD430-7FCC-44EE-ADCB-39EDFE3F7743}.Debug|x64.ActiveCfg = Debug|Any CPU
		{026CD430-7FCC-44EE-ADCB-39EDFE3F7743}.Debug|x64.Build.0 = Debug|Any CPU
		{026CD430-7FCC-44EE-ADCB-39EDFE3F7743}.Debug|x86.ActiveCfg = Debug|Any CPU
		{026CD430-7FCC-44EE-ADCB-39EDFE3F7743}.Debug|x86.Build.0 = Debug|Any CPU
		{026CD430-7FCC-44EE-ADCB-39EDFE3F7743}.Release|Any CPU.ActiveCfg = Release|Any CPU
		{026CD430-7FCC-44EE-ADCB-39EDFE3F7743}.Release|Any CPU.Build.0 = Release|Any CPU
		{026CD430-7FCC-44EE-ADCB-39EDFE3F7743}.Release|x64.ActiveCfg = Release|Any CPU
		{026CD430-7FCC-44EE-ADCB-39EDFE3F7743}.Release|x64.Build.0 = Release|Any CPU
		{026CD430-7FCC-44EE-ADCB-39EDFE3F7743}.Release|x86.ActiveCfg = Release|Any CPU
		{026CD430-7FCC-44EE-ADCB-39EDFE3F7743}.Release|x86.Build.0 = Release|Any CPU
		{4E8795C7-7965-40EC-B315-D79F1D73F3A2}.Debug|Any CPU.ActiveCfg = Debug|Any CPU
		{4E8795C7-7965-40EC-B315-D79F1D73F3A2}.Debug|Any CPU.Build.0 = Debug|Any CPU
		{4E8795C7-7965-40EC-B315-D79F1D73F3A2}.Debug|x64.ActiveCfg = Debug|Any CPU
		{4E8795C7-7965-40EC-B315-D79F1D73F3A2}.Debug|x64.Build.0 = Debug|Any CPU
		{4E8795C7-7965-40EC-B315-D79F1D73F3A2}.Debug|x86.ActiveCfg = Debug|Any CPU
		{4E8795C7-7965-40EC-B315-D79F1D73F3A2}.Debug|x86.Build.0 = Debug|Any CPU
		{4E8795C7-7965-40EC-B315-D79F1D73F3A2}.Release|Any CPU.ActiveCfg = Release|Any CPU
		{4E8795C7-7965-40EC-B315-D79F1D73F3A2}.Release|Any CPU.Build.0 = Release|Any CPU
		{4E8795C7-7965-40EC-B315-D79F1D73F3A2}.Release|x64.ActiveCfg = Release|Any CPU
		{4E8795C7-7965-40EC-B315-D79F1D73F3A2}.Release|x64.Build.0 = Release|Any CPU
		{4E8795C7-7965-40EC-B315-D79F1D73F3A2}.Release|x86.ActiveCfg = Release|Any CPU
		{4E8795C7-7965-40EC-B315-D79F1D73F3A2}.Release|x86.Build.0 = Release|Any CPU
	EndGlobalSection
	GlobalSection(SolutionProperties) = preSolution
		HideSolutionNode = FALSE
	EndGlobalSection
	GlobalSection(NestedProjects) = preSolution
		{B932B769-5644-4656-B420-FB44B5D5B8B1} = {827E0CD3-B72D-47B6-A68D-7590B98EB39B}
		{E96D3C2E-563A-4DBD-86A6-32B37743825C} = {827E0CD3-B72D-47B6-A68D-7590B98EB39B}
		{3F73CC77-1408-473A-B5EA-C42109553FE3} = {827E0CD3-B72D-47B6-A68D-7590B98EB39B}
		{666CC570-F8B4-4F74-9A47-F8DC561061BE} = {0AB3BF05-4346-4AA6-1389-037BE0695223}
		{B899BEE8-DAA2-4D01-96AE-354F7E1958DD} = {0AB3BF05-4346-4AA6-1389-037BE0695223}
		{D965A59D-0270-4BD5-8C68-338E38DEE55E} = {827E0CD3-B72D-47B6-A68D-7590B98EB39B}
		{88C80D2A-DF44-4D08-B92F-8101408CE588} = {0AB3BF05-4346-4AA6-1389-037BE0695223}
		{B8FB5EB4-794F-4C1B-B746-C3431EBB8A0A} = {0AB3BF05-4346-4AA6-1389-037BE0695223}
		{19C91BF9-3B32-47A2-94DA-84B1BEB98611} = {0AB3BF05-4346-4AA6-1389-037BE0695223}
		{3CA9DB36-7786-4157-B4BF-4CD54838A988} = {827E0CD3-B72D-47B6-A68D-7590B98EB39B}
		{E6D968FA-3C3B-436C-B4D2-327EA36B7930} = {0AB3BF05-4346-4AA6-1389-037BE0695223}
		{6B305469-B196-4184-BE77-6A6527F09414} = {0AB3BF05-4346-4AA6-1389-037BE0695223}
		{7C4D4B7C-E7F7-44B5-9F58-F67FEC068A3D} = {0AB3BF05-4346-4AA6-1389-037BE0695223}
		{0EEF6220-9EE4-4F0B-B198-3FCC0D25750D} = {827E0CD3-B72D-47B6-A68D-7590B98EB39B}
		{7E7B6FB7-431A-4BAE-8ED7-594ACAC16EEB} = {0AB3BF05-4346-4AA6-1389-037BE0695223}
		{ECE1C504-9B71-4F1F-BEB6-1EFF154C28DF} = {0AB3BF05-4346-4AA6-1389-037BE0695223}
		{DB61A36B-0C54-426C-9663-0B154CF583A7} = {0AB3BF05-4346-4AA6-1389-037BE0695223}
		{86133209-C6D4-4AF9-B29C-D417F5827E0D} = {827E0CD3-B72D-47B6-A68D-7590B98EB39B}
		{94EFA654-617C-4FEE-ACC2-9B6803F41A9E} = {0AB3BF05-4346-4AA6-1389-037BE0695223}
		{AC82302F-7AB9-4A1B-B45C-CDE0511F8EED} = {0AB3BF05-4346-4AA6-1389-037BE0695223}
		{41C50626-5AFB-4A37-9181-443BC09C4B09} = {0AB3BF05-4346-4AA6-1389-037BE0695223}
		{A23A9FAF-ABDD-4248-8F9B-7DFB57EB6D06} = {827E0CD3-B72D-47B6-A68D-7590B98EB39B}
		{4D676F89-61DE-4C41-8656-88B59A0602FA} = {0AB3BF05-4346-4AA6-1389-037BE0695223}
		{792CF0EE-4E8B-4A99-839A-0E655DB5E319} = {0AB3BF05-4346-4AA6-1389-037BE0695223}
		{E73D3B89-5F09-4C30-AA8A-9B64CFC38BD6} = {0AB3BF05-4346-4AA6-1389-037BE0695223}
		{014611FB-0EA3-4DF0-9869-FA956CEFF688} = {827E0CD3-B72D-47B6-A68D-7590B98EB39B}
		{362EFB20-0814-4870-8E31-6A42DC49EAFA} = {0AB3BF05-4346-4AA6-1389-037BE0695223}
		{026CD430-7FCC-44EE-ADCB-39EDFE3F7743} = {0AB3BF05-4346-4AA6-1389-037BE0695223}
		{4E8795C7-7965-40EC-B315-D79F1D73F3A2} = {0AB3BF05-4346-4AA6-1389-037BE0695223}
	EndGlobalSection
EndGlobal
